
Microsoft Visual Studio Solution File, Format Version 12.00
# Visual Studio Version 16
VisualStudioVersion = 16.0.33423.256
MinimumVisualStudioVersion = 10.0.40219.1
Project("{FAE04EC0-301F-11D3-BF4B-00C04F79EFBC}") = "oroknaptar", "oroknaptar\oroknaptar.csproj", "{89882018-1B95-48C2-B6E0-B96C563D740B}"
EndProject
Global
	GlobalSection(SolutionConfigurationPlatforms) = preSolution
		Debug|Any CPU = Debug|Any CPU
		Release|Any CPU = Release|Any CPU
	EndGlobalSection
	GlobalSection(ProjectConfigurationPlatforms) = postSolution
		{89882018-1B95-48C2-B6E0-B96C563D740B}.Debug|Any CPU.ActiveCfg = Debug|Any CPU
		{89882018-1B95-48C2-B6E0-B96C563D740B}.Debug|Any CPU.Build.0 = Debug|Any CPU
		{89882018-1B95-48C2-B6E0-B96C563D740B}.Release|Any CPU.ActiveCfg = Release|Any CPU
		{89882018-1B95-48C2-B6E0-B96C563D740B}.Release|Any CPU.Build.0 = Release|Any CPU
	EndGlobalSection
	GlobalSection(SolutionProperties) = preSolution
		HideSolutionNode = FALSE
	EndGlobalSection
	GlobalSection(ExtensibilityGlobals) = postSolution
		SolutionGuid = {68438494-2B8E-4AE3-BE1B-98F93F23CDA6}
	EndGlobalSection
EndGlobal
